// !$*UTF8*$!
{
	archiveVersion = 1;
	classes = {
	};
	objectVersion = 46;
	objects = {

/* Begin PBXBuildFile section */
		04AAE13F1D62F25100BA383E /* bomb.mp3 in Resources */ = {isa = PBXBuildFile; fileRef = 04AAE13A1D62F25100BA383E /* bomb.mp3 */; };
		04AAE1401D62F25100BA383E /* drop.mp3 in Resources */ = {isa = PBXBuildFile; fileRef = 04AAE13B1D62F25100BA383E /* drop.mp3 */; };
		04AAE1411D62F25100BA383E /* gameover.mp3 in Resources */ = {isa = PBXBuildFile; fileRef = 04AAE13C1D62F25100BA383E /* gameover.mp3 */; };
		04AAE1421D62F25100BA383E /* levelup.mp3 in Resources */ = {isa = PBXBuildFile; fileRef = 04AAE13D1D62F25100BA383E /* levelup.mp3 */; };
		04AAE1431D62F25100BA383E /* theme.mp3 in Resources */ = {isa = PBXBuildFile; fileRef = 04AAE13E1D62F25100BA383E /* theme.mp3 */; };
		04AAE1451D62F7F700BA383E /* Array2D.swift in Sources */ = {isa = PBXBuildFile; fileRef = 04AAE1441D62F7F700BA383E /* Array2D.swift */; };
		04EF67E81D6245D700BBA89E /* AppDelegate.swift in Sources */ = {isa = PBXBuildFile; fileRef = 04EF67E71D6245D700BBA89E /* AppDelegate.swift */; };
		04EF67EC1D6245D800BBA89E /* GameScene.swift in Sources */ = {isa = PBXBuildFile; fileRef = 04EF67EB1D6245D800BBA89E /* GameScene.swift */; };
		04EF67EE1D6245D800BBA89E /* GameViewController.swift in Sources */ = {isa = PBXBuildFile; fileRef = 04EF67ED1D6245D800BBA89E /* GameViewController.swift */; };
		04EF67F11D6245D800BBA89E /* Main.storyboard in Resources */ = {isa = PBXBuildFile; fileRef = 04EF67EF1D6245D800BBA89E /* Main.storyboard */; };
		04EF67F31D6245D800BBA89E /* Assets.xcassets in Resources */ = {isa = PBXBuildFile; fileRef = 04EF67F21D6245D800BBA89E /* Assets.xcassets */; };
		04EF67F61D6245D800BBA89E /* LaunchScreen.storyboard in Resources */ = {isa = PBXBuildFile; fileRef = 04EF67F41D6245D800BBA89E /* LaunchScreen.storyboard */; };
		04EF68011D6245D800BBA89E /* SwiftrisTests.swift in Sources */ = {isa = PBXBuildFile; fileRef = 04EF68001D6245D800BBA89E /* SwiftrisTests.swift */; };
		04EF680C1D6245D800BBA89E /* SwiftrisUITests.swift in Sources */ = {isa = PBXBuildFile; fileRef = 04EF680B1D6245D800BBA89E /* SwiftrisUITests.swift */; };
/* End PBXBuildFile section */

/* Begin PBXContainerItemProxy section */
		04EF67FD1D6245D800BBA89E /* PBXContainerItemProxy */ = {
			isa = PBXContainerItemProxy;
			containerPortal = 04EF67DC1D6245D700BBA89E /* Project object */;
			proxyType = 1;
			remoteGlobalIDString = 04EF67E31D6245D700BBA89E;
			remoteInfo = Swiftris;
		};
		04EF68081D6245D800BBA89E /* PBXContainerItemProxy */ = {
			isa = PBXContainerItemProxy;
			containerPortal = 04EF67DC1D6245D700BBA89E /* Project object */;
			proxyType = 1;
			remoteGlobalIDString = 04EF67E31D6245D700BBA89E;
			remoteInfo = Swiftris;
		};
/* End PBXContainerItemProxy section */

/* Begin PBXFileReference section */
		04AAE13A1D62F25100BA383E /* bomb.mp3 */ = {isa = PBXFileReference; lastKnownFileType = audio.mp3; path = bomb.mp3; sourceTree = "<group>"; };
		04AAE13B1D62F25100BA383E /* drop.mp3 */ = {isa = PBXFileReference; lastKnownFileType = audio.mp3; path = drop.mp3; sourceTree = "<group>"; };
		04AAE13C1D62F25100BA383E /* gameover.mp3 */ = {isa = PBXFileReference; lastKnownFileType = audio.mp3; path = gameover.mp3; sourceTree = "<group>"; };
		04AAE13D1D62F25100BA383E /* levelup.mp3 */ = {isa = PBXFileReference; lastKnownFileType = audio.mp3; path = levelup.mp3; sourceTree = "<group>"; };
		04AAE13E1D62F25100BA383E /* theme.mp3 */ = {isa = PBXFileReference; lastKnownFileType = audio.mp3; path = theme.mp3; sourceTree = "<group>"; };
		04AAE1441D62F7F700BA383E /* Array2D.swift */ = {isa = PBXFileReference; fileEncoding = 4; lastKnownFileType = sourcecode.swift; path = Array2D.swift; sourceTree = "<group>"; };
		04EF67E41D6245D700BBA89E /* Swiftris.app */ = {isa = PBXFileReference; explicitFileType = wrapper.application; includeInIndex = 0; path = Swiftris.app; sourceTree = BUILT_PRODUCTS_DIR; };
		04EF67E71D6245D700BBA89E /* AppDelegate.swift */ = {isa = PBXFileReference; lastKnownFileType = sourcecode.swift; path = AppDelegate.swift; sourceTree = "<group>"; };
		04EF67EB1D6245D800BBA89E /* GameScene.swift */ = {isa = PBXFileReference; lastKnownFileType = sourcecode.swift; path = GameScene.swift; sourceTree = "<group>"; };
		04EF67ED1D6245D800BBA89E /* GameViewController.swift */ = {isa = PBXFileReference; lastKnownFileType = sourcecode.swift; path = GameViewController.swift; sourceTree = "<group>"; };
		04EF67F01D6245D800BBA89E /* Base */ = {isa = PBXFileReference; lastKnownFileType = file.storyboard; name = Base; path = Base.lproj/Main.storyboard; sourceTree = "<group>"; };
		04EF67F21D6245D800BBA89E /* Assets.xcassets */ = {isa = PBXFileReference; lastKnownFileType = folder.assetcatalog; path = Assets.xcassets; sourceTree = "<group>"; };
		04EF67F51D6245D800BBA89E /* Base */ = {isa = PBXFileReference; lastKnownFileType = file.storyboard; name = Base; path = Base.lproj/LaunchScreen.storyboard; sourceTree = "<group>"; };
		04EF67F71D6245D800BBA89E /* Info.plist */ = {isa = PBXFileReference; lastKnownFileType = text.plist.xml; path = Info.plist; sourceTree = "<group>"; };
		04EF67FC1D6245D800BBA89E /* SwiftrisTests.xctest */ = {isa = PBXFileReference; explicitFileType = wrapper.cfbundle; includeInIndex = 0; path = SwiftrisTests.xctest; sourceTree = BUILT_PRODUCTS_DIR; };
		04EF68001D6245D800BBA89E /* SwiftrisTests.swift */ = {isa = PBXFileReference; lastKnownFileType = sourcecode.swift; path = SwiftrisTests.swift; sourceTree = "<group>"; };
		04EF68021D6245D800BBA89E /* Info.plist */ = {isa = PBXFileReference; lastKnownFileType = text.plist.xml; path = Info.plist; sourceTree = "<group>"; };
		04EF68071D6245D800BBA89E /* SwiftrisUITests.xctest */ = {isa = PBXFileReference; explicitFileType = wrapper.cfbundle; includeInIndex = 0; path = SwiftrisUITests.xctest; sourceTree = BUILT_PRODUCTS_DIR; };
		04EF680B1D6245D800BBA89E /* SwiftrisUITests.swift */ = {isa = PBXFileReference; lastKnownFileType = sourcecode.swift; path = SwiftrisUITests.swift; sourceTree = "<group>"; };
		04EF680D1D6245D800BBA89E /* Info.plist */ = {isa = PBXFileReference; lastKnownFileType = text.plist.xml; path = Info.plist; sourceTree = "<group>"; };
/* End PBXFileReference section */

/* Begin PBXFrameworksBuildPhase section */
		04EF67E11D6245D700BBA89E /* Frameworks */ = {
			isa = PBXFrameworksBuildPhase;
			buildActionMask = 2147483647;
			files = (
			);
			runOnlyForDeploymentPostprocessing = 0;
		};
		04EF67F91D6245D800BBA89E /* Frameworks */ = {
			isa = PBXFrameworksBuildPhase;
			buildActionMask = 2147483647;
			files = (
			);
			runOnlyForDeploymentPostprocessing = 0;
		};
		04EF68041D6245D800BBA89E /* Frameworks */ = {
			isa = PBXFrameworksBuildPhase;
			buildActionMask = 2147483647;
			files = (
			);
			runOnlyForDeploymentPostprocessing = 0;
		};
/* End PBXFrameworksBuildPhase section */

/* Begin PBXGroup section */
		04AAE1391D62F25100BA383E /* Sounds */ = {
			isa = PBXGroup;
			children = (
				04AAE13A1D62F25100BA383E /* bomb.mp3 */,
				04AAE13B1D62F25100BA383E /* drop.mp3 */,
				04AAE13C1D62F25100BA383E /* gameover.mp3 */,
				04AAE13D1D62F25100BA383E /* levelup.mp3 */,
				04AAE13E1D62F25100BA383E /* theme.mp3 */,
			);
			path = Sounds;
			sourceTree = "<group>";
		};
		04EF67DB1D6245D700BBA89E = {
			isa = PBXGroup;
			children = (
				04EF67E61D6245D700BBA89E /* Swiftris */,
				04EF67FF1D6245D800BBA89E /* SwiftrisTests */,
				04EF680A1D6245D800BBA89E /* SwiftrisUITests */,
				04EF67E51D6245D700BBA89E /* Products */,
			);
			sourceTree = "<group>";
		};
		04EF67E51D6245D700BBA89E /* Products */ = {
			isa = PBXGroup;
			children = (
				04EF67E41D6245D700BBA89E /* Swiftris.app */,
				04EF67FC1D6245D800BBA89E /* SwiftrisTests.xctest */,
				04EF68071D6245D800BBA89E /* SwiftrisUITests.xctest */,
			);
			name = Products;
			sourceTree = "<group>";
		};
		04EF67E61D6245D700BBA89E /* Swiftris */ = {
			isa = PBXGroup;
			children = (
				04AAE1391D62F25100BA383E /* Sounds */,
				04EF67E71D6245D700BBA89E /* AppDelegate.swift */,
				04EF67EB1D6245D800BBA89E /* GameScene.swift */,
				04AAE1441D62F7F700BA383E /* Array2D.swift */,
				04EF67ED1D6245D800BBA89E /* GameViewController.swift */,
				04EF67EF1D6245D800BBA89E /* Main.storyboard */,
				04EF67F21D6245D800BBA89E /* Assets.xcassets */,
				04EF67F41D6245D800BBA89E /* LaunchScreen.storyboard */,
				04EF67F71D6245D800BBA89E /* Info.plist */,
			);
			path = Swiftris;
			sourceTree = "<group>";
		};
		04EF67FF1D6245D800BBA89E /* SwiftrisTests */ = {
			isa = PBXGroup;
			children = (
				04EF68001D6245D800BBA89E /* SwiftrisTests.swift */,
				04EF68021D6245D800BBA89E /* Info.plist */,
			);
			path = SwiftrisTests;
			sourceTree = "<group>";
		};
		04EF680A1D6245D800BBA89E /* SwiftrisUITests */ = {
			isa = PBXGroup;
			children = (
				04EF680B1D6245D800BBA89E /* SwiftrisUITests.swift */,
				04EF680D1D6245D800BBA89E /* Info.plist */,
			);
			path = SwiftrisUITests;
			sourceTree = "<group>";
		};
/* End PBXGroup section */

/* Begin PBXNativeTarget section */
		04EF67E31D6245D700BBA89E /* Swiftris */ = {
			isa = PBXNativeTarget;
			buildConfigurationList = 04EF68101D6245D800BBA89E /* Build configuration list for PBXNativeTarget "Swiftris" */;
			buildPhases = (
				04EF67E01D6245D700BBA89E /* Sources */,
				04EF67E11D6245D700BBA89E /* Frameworks */,
				04EF67E21D6245D700BBA89E /* Resources */,
			);
			buildRules = (
			);
			dependencies = (
			);
			name = Swiftris;
			productName = Swiftris;
			productReference = 04EF67E41D6245D700BBA89E /* Swiftris.app */;
			productType = "com.apple.product-type.application";
		};
		04EF67FB1D6245D800BBA89E /* SwiftrisTests */ = {
			isa = PBXNativeTarget;
			buildConfigurationList = 04EF68131D6245D800BBA89E /* Build configuration list for PBXNativeTarget "SwiftrisTests" */;
			buildPhases = (
				04EF67F81D6245D800BBA89E /* Sources */,
				04EF67F91D6245D800BBA89E /* Frameworks */,
				04EF67FA1D6245D800BBA89E /* Resources */,
			);
			buildRules = (
			);
			dependencies = (
				04EF67FE1D6245D800BBA89E /* PBXTargetDependency */,
			);
			name = SwiftrisTests;
			productName = SwiftrisTests;
			productReference = 04EF67FC1D6245D800BBA89E /* SwiftrisTests.xctest */;
			productType = "com.apple.product-type.bundle.unit-test";
		};
		04EF68061D6245D800BBA89E /* SwiftrisUITests */ = {
			isa = PBXNativeTarget;
			buildConfigurationList = 04EF68161D6245D800BBA89E /* Build configuration list for PBXNativeTarget "SwiftrisUITests" */;
			buildPhases = (
				04EF68031D6245D800BBA89E /* Sources */,
				04EF68041D6245D800BBA89E /* Frameworks */,
				04EF68051D6245D800BBA89E /* Resources */,
			);
			buildRules = (
			);
			dependencies = (
				04EF68091D6245D800BBA89E /* PBXTargetDependency */,
			);
			name = SwiftrisUITests;
			productName = SwiftrisUITests;
			productReference = 04EF68071D6245D800BBA89E /* SwiftrisUITests.xctest */;
			productType = "com.apple.product-type.bundle.ui-testing";
		};
/* End PBXNativeTarget section */

/* Begin PBXProject section */
		04EF67DC1D6245D700BBA89E /* Project object */ = {
			isa = PBXProject;
			attributes = {
				LastSwiftUpdateCheck = 0730;
				LastUpgradeCheck = 0730;
				ORGANIZATIONNAME = "Quynh Nguyen";
				TargetAttributes = {
					04EF67E31D6245D700BBA89E = {
						CreatedOnToolsVersion = 7.3.1;
					};
					04EF67FB1D6245D800BBA89E = {
						CreatedOnToolsVersion = 7.3.1;
						TestTargetID = 04EF67E31D6245D700BBA89E;
					};
					04EF68061D6245D800BBA89E = {
						CreatedOnToolsVersion = 7.3.1;
						TestTargetID = 04EF67E31D6245D700BBA89E;
					};
				};
			};
			buildConfigurationList = 04EF67DF1D6245D700BBA89E /* Build configuration list for PBXProject "Swiftris" */;
			compatibilityVersion = "Xcode 3.2";
			developmentRegion = English;
			hasScannedForEncodings = 0;
			knownRegions = (
				en,
				Base,
			);
			mainGroup = 04EF67DB1D6245D700BBA89E;
			productRefGroup = 04EF67E51D6245D700BBA89E /* Products */;
			projectDirPath = "";
			projectRoot = "";
			targets = (
				04EF67E31D6245D700BBA89E /* Swiftris */,
				04EF67FB1D6245D800BBA89E /* SwiftrisTests */,
				04EF68061D6245D800BBA89E /* SwiftrisUITests */,
			);
		};
/* End PBXProject section */

/* Begin PBXResourcesBuildPhase section */
		04EF67E21D6245D700BBA89E /* Resources */ = {
			isa = PBXResourcesBuildPhase;
			buildActionMask = 2147483647;
			files = (
				04EF67F61D6245D800BBA89E /* LaunchScreen.storyboard in Resources */,
				04AAE1401D62F25100BA383E /* drop.mp3 in Resources */,
				04AAE1431D62F25100BA383E /* theme.mp3 in Resources */,
				04AAE1411D62F25100BA383E /* gameover.mp3 in Resources */,
				04EF67F31D6245D800BBA89E /* Assets.xcassets in Resources */,
				04AAE1421D62F25100BA383E /* levelup.mp3 in Resources */,
				04AAE13F1D62F25100BA383E /* bomb.mp3 in Resources */,
				04EF67F11D6245D800BBA89E /* Main.storyboard in Resources */,
			);
			runOnlyForDeploymentPostprocessing = 0;
		};
		04EF67FA1D6245D800BBA89E /* Resources */ = {
			isa = PBXResourcesBuildPhase;
			buildActionMask = 2147483647;
			files = (
			);
			runOnlyForDeploymentPostprocessing = 0;
		};
		04EF68051D6245D800BBA89E /* Resources */ = {
			isa = PBXResourcesBuildPhase;
			buildActionMask = 2147483647;
			files = (
			);
			runOnlyForDeploymentPostprocessing = 0;
		};
/* End PBXResourcesBuildPhase section */

/* Begin PBXSourcesBuildPhase section */
		04EF67E01D6245D700BBA89E /* Sources */ = {
			isa = PBXSourcesBuildPhase;
			buildActionMask = 2147483647;
			files = (
				04EF67EC1D6245D800BBA89E /* GameScene.swift in Sources */,
				04AAE1451D62F7F700BA383E /* Array2D.swift in Sources */,
				04EF67EE1D6245D800BBA89E /* GameViewController.swift in Sources */,
				04EF67E81D6245D700BBA89E /* AppDelegate.swift in Sources */,
			);
			runOnlyForDeploymentPostprocessing = 0;
		};
		04EF67F81D6245D800BBA89E /* Sources */ = {
			isa = PBXSourcesBuildPhase;
			buildActionMask = 2147483647;
			files = (
				04EF68011D6245D800BBA89E /* SwiftrisTests.swift in Sources */,
			);
			runOnlyForDeploymentPostprocessing = 0;
		};
		04EF68031D6245D800BBA89E /* Sources */ = {
			isa = PBXSourcesBuildPhase;
			buildActionMask = 2147483647;
			files = (
				04EF680C1D6245D800BBA89E /* SwiftrisUITests.swift in Sources */,
			);
			runOnlyForDeploymentPostprocessing = 0;
		};
/* End PBXSourcesBuildPhase section */

/* Begin PBXTargetDependency section */
		04EF67FE1D6245D800BBA89E /* PBXTargetDependency */ = {
			isa = PBXTargetDependency;
			target = 04EF67E31D6245D700BBA89E /* Swiftris */;
			targetProxy = 04EF67FD1D6245D800BBA89E /* PBXContainerItemProxy */;
		};
		04EF68091D6245D800BBA89E /* PBXTargetDependency */ = {
			isa = PBXTargetDependency;
			target = 04EF67E31D6245D700BBA89E /* Swiftris */;
			targetProxy = 04EF68081D6245D800BBA89E /* PBXContainerItemProxy */;
		};
/* End PBXTargetDependency section */

/* Begin PBXVariantGroup section */
		04EF67EF1D6245D800BBA89E /* Main.storyboard */ = {
			isa = PBXVariantGroup;
			children = (
				04EF67F01D6245D800BBA89E /* Base */,
			);
			name = Main.storyboard;
			sourceTree = "<group>";
		};
		04EF67F41D6245D800BBA89E /* LaunchScreen.storyboard */ = {
			isa = PBXVariantGroup;
			children = (
				04EF67F51D6245D800BBA89E /* Base */,
			);
			name = LaunchScreen.storyboard;
			sourceTree = "<group>";
		};
/* End PBXVariantGroup section */

/* Begin XCBuildConfiguration section */
		04EF680E1D6245D800BBA89E /* Debug */ = {
			isa = XCBuildConfiguration;
			buildSettings = {
				ALWAYS_SEARCH_USER_PATHS = NO;
				CLANG_ANALYZER_NONNULL = YES;
				CLANG_CXX_LANGUAGE_STANDARD = "gnu++0x";
				CLANG_CXX_LIBRARY = "libc++";
				CLANG_ENABLE_MODULES = YES;
				CLANG_ENABLE_OBJC_ARC = YES;
				CLANG_WARN_BOOL_CONVERSION = YES;
				CLANG_WARN_CONSTANT_CONVERSION = YES;
				CLANG_WARN_DIRECT_OBJC_ISA_USAGE = YES_ERROR;
				CLANG_WARN_EMPTY_BODY = YES;
				CLANG_WARN_ENUM_CONVERSION = YES;
				CLANG_WARN_INT_CONVERSION = YES;
				CLANG_WARN_OBJC_ROOT_CLASS = YES_ERROR;
				CLANG_WARN_UNREACHABLE_CODE = YES;
				CLANG_WARN__DUPLICATE_METHOD_MATCH = YES;
				"CODE_SIGN_IDENTITY[sdk=iphoneos*]" = "iPhone Developer";
				COPY_PHASE_STRIP = NO;
				DEBUG_INFORMATION_FORMAT = "dwarf-with-dsym";
				ENABLE_STRICT_OBJC_MSGSEND = YES;
				ENABLE_TESTABILITY = YES;
				GCC_C_LANGUAGE_STANDARD = gnu99;
				GCC_DYNAMIC_NO_PIC = NO;
				GCC_NO_COMMON_BLOCKS = YES;
				GCC_OPTIMIZATION_LEVEL = 0;
				GCC_PREPROCESSOR_DEFINITIONS = (
					"DEBUG=1",
					"$(inherited)",
				);
				GCC_WARN_64_TO_32_BIT_CONVERSION = YES;
				GCC_WARN_ABOUT_RETURN_TYPE = YES_ERROR;
				GCC_WARN_UNDECLARED_SELECTOR = YES;
				GCC_WARN_UNINITIALIZED_AUTOS = YES_AGGRESSIVE;
				GCC_WARN_UNUSED_FUNCTION = YES;
				GCC_WARN_UNUSED_VARIABLE = YES;
				IPHONEOS_DEPLOYMENT_TARGET = 9.3;
				MTL_ENABLE_DEBUG_INFO = YES;
				ONLY_ACTIVE_ARCH = YES;
				SDKROOT = iphoneos;
				SWIFT_OPTIMIZATION_LEVEL = "-Onone";
			};
			name = Debug;
		};
		04EF680F1D6245D800BBA89E /* Release */ = {
			isa = XCBuildConfiguration;
			buildSettings = {
				ALWAYS_SEARCH_USER_PATHS = NO;
				CLANG_ANALYZER_NONNULL = YES;
				CLANG_CXX_LANGUAGE_STANDARD = "gnu++0x";
				CLANG_CXX_LIBRARY = "libc++";
				CLANG_ENABLE_MODULES = YES;
				CLANG_ENABLE_OBJC_ARC = YES;
				CLANG_WARN_BOOL_CONVERSION = YES;
				CLANG_WARN_CONSTANT_CONVERSION = YES;
				CLANG_WARN_DIRECT_OBJC_ISA_USAGE = YES_ERROR;
				CLANG_WARN_EMPTY_BODY = YES;
				CLANG_WARN_ENUM_CONVERSION = YES;
				CLANG_WARN_INT_CONVERSION = YES;
				CLANG_WARN_OBJC_ROOT_CLASS = YES_ERROR;
				CLANG_WARN_UNREACHABLE_CODE = YES;
				CLANG_WARN__DUPLICATE_METHOD_MATCH = YES;
				"CODE_SIGN_IDENTITY[sdk=iphoneos*]" = "iPhone Developer";
				COPY_PHASE_STRIP = NO;
				DEBUG_INFORMATION_FORMAT = "dwarf-with-dsym";
				ENABLE_NS_ASSERTIONS = NO;
				ENABLE_STRICT_OBJC_MSGSEND = YES;
				GCC_C_LANGUAGE_STANDARD = gnu99;
				GCC_NO_COMMON_BLOCKS = YES;
				GCC_WARN_64_TO_32_BIT_CONVERSION = YES;
				GCC_WARN_ABOUT_RETURN_TYPE = YES_ERROR;
				GCC_WARN_UNDECLARED_SELECTOR = YES;
				GCC_WARN_UNINITIALIZED_AUTOS = YES_AGGRESSIVE;
				GCC_WARN_UNUSED_FUNCTION = YES;
				GCC_WARN_UNUSED_VARIABLE = YES;
				IPHONEOS_DEPLOYMENT_TARGET = 9.3;
				MTL_ENABLE_DEBUG_INFO = NO;
				SDKROOT = iphoneos;
				VALIDATE_PRODUCT = YES;
			};
			name = Release;
		};
		04EF68111D6245D800BBA89E /* Debug */ = {
			isa = XCBuildConfiguration;
			buildSettings = {
				ASSETCATALOG_COMPILER_APPICON_NAME = AppIcon;
				INFOPLIST_FILE = Swiftris/Info.plist;
				LD_RUNPATH_SEARCH_PATHS = "$(inherited) @executable_path/Frameworks";
				PRODUCT_BUNDLE_IDENTIFIER = Quyntessential.Swiftris;
				PRODUCT_NAME = "$(TARGET_NAME)";
			};
			name = Debug;
		};
		04EF68121D6245D800BBA89E /* Release */ = {
			isa = XCBuildConfiguration;
			buildSettings = {
				ASSETCATALOG_COMPILER_APPICON_NAME = AppIcon;
				INFOPLIST_FILE = Swiftris/Info.plist;
				LD_RUNPATH_SEARCH_PATHS = "$(inherited) @executable_path/Frameworks";
				PRODUCT_BUNDLE_IDENTIFIER = Quyntessential.Swiftris;
				PRODUCT_NAME = "$(TARGET_NAME)";
			};
			name = Release;
		};
		04EF68141D6245D800BBA89E /* Debug */ = {
			isa = XCBuildConfiguration;
			buildSettings = {
				BUNDLE_LOADER = "$(TEST_HOST)";
				DEBUG_INFORMATION_FORMAT = dwarf;
				INFOPLIST_FILE = SwiftrisTests/Info.plist;
				LD_RUNPATH_SEARCH_PATHS = "$(inherited) @executable_path/Frameworks @loader_path/Frameworks";
				PRODUCT_BUNDLE_IDENTIFIER = Quyntessential.SwiftrisTests;
				PRODUCT_NAME = "$(TARGET_NAME)";
				TEST_HOST = "$(BUILT_PRODUCTS_DIR)/Swiftris.app/Swiftris";
			};
			name = Debug;
		};
		04EF68151D6245D800BBA89E /* Release */ = {
			isa = XCBuildConfiguration;
			buildSettings = {
				BUNDLE_LOADER = "$(TEST_HOST)";
				INFOPLIST_FILE = SwiftrisTests/Info.plist;
				LD_RUNPATH_SEARCH_PATHS = "$(inherited) @executable_path/Frameworks @loader_path/Frameworks";
				PRODUCT_BUNDLE_IDENTIFIER = Quyntessential.SwiftrisTests;
				PRODUCT_NAME = "$(TARGET_NAME)";
				TEST_HOST = "$(BUILT_PRODUCTS_DIR)/Swiftris.app/Swiftris";
			};
			name = Release;
		};
		04EF68171D6245D800BBA89E /* Debug */ = {
			isa = XCBuildConfiguration;
			buildSettings = {
				DEBUG_INFORMATION_FORMAT = dwarf;
				INFOPLIST_FILE = SwiftrisUITests/Info.plist;
				LD_RUNPATH_SEARCH_PATHS = "$(inherited) @executable_path/Frameworks @loader_path/Frameworks";
				PRODUCT_BUNDLE_IDENTIFIER = Quyntessential.SwiftrisUITests;
				PRODUCT_NAME = "$(TARGET_NAME)";
				TEST_TARGET_NAME = Swiftris;
			};
			name = Debug;
		};
		04EF68181D6245D800BBA89E /* Release */ = {
			isa = XCBuildConfiguration;
			buildSettings = {
				INFOPLIST_FILE = SwiftrisUITests/Info.plist;
				LD_RUNPATH_SEARCH_PATHS = "$(inherited) @executable_path/Frameworks @loader_path/Frameworks";
				PRODUCT_BUNDLE_IDENTIFIER = Quyntessential.SwiftrisUITests;
				PRODUCT_NAME = "$(TARGET_NAME)";
				TEST_TARGET_NAME = Swiftris;
			};
			name = Release;
		};
/* End XCBuildConfiguration section */

/* Begin XCConfigurationList section */
		04EF67DF1D6245D700BBA89E /* Build configuration list for PBXProject "Swiftris" */ = {
			isa = XCConfigurationList;
			buildConfigurations = (
				04EF680E1D6245D800BBA89E /* Debug */,
				04EF680F1D6245D800BBA89E /* Release */,
			);
			defaultConfigurationIsVisible = 0;
			defaultConfigurationName = Release;
		};
		04EF68101D6245D800BBA89E /* Build configuration list for PBXNativeTarget "Swiftris" */ = {
			isa = XCConfigurationList;
			buildConfigurations = (
				04EF68111D6245D800BBA89E /* Debug */,
				04EF68121D6245D800BBA89E /* Release */,
			);
			defaultConfigurationIsVisible = 0;
			defaultConfigurationName = Release;
		};
		04EF68131D6245D800BBA89E /* Build configuration list for PBXNativeTarget "SwiftrisTests" */ = {
			isa = XCConfigurationList;
			buildConfigurations = (
				04EF68141D6245D800BBA89E /* Debug */,
				04EF68151D6245D800BBA89E /* Release */,
			);
			defaultConfigurationIsVisible = 0;
			defaultConfigurationName = Release;
		};
		04EF68161D6245D800BBA89E /* Build configuration list for PBXNativeTarget "SwiftrisUITests" */ = {
			isa = XCConfigurationList;
			buildConfigurations = (
				04EF68171D6245D800BBA89E /* Debug */,
				04EF68181D6245D800BBA89E /* Release */,
			);
			defaultConfigurationIsVisible = 0;
			defaultConfigurationName = Release;
		};
/* End XCConfigurationList section */
	};
	rootObject = 04EF67DC1D6245D700BBA89E /* Project object */;
}
